PODS:
  - FMDB (2.7.5):
    - FMDB/standard (= 2.7.5)
  - FMDB/standard (2.7.5)
  - SnapKit (4.2.0)

DEPENDENCIES:
  - FMDB
  - SnapKit

SPEC REPOS:
  trunk:
    - FMDB
    - SnapKit

SPEC CHECKSUMS:
  FMDB: 2ce00b547f966261cd18927a3ddb07cb6f3db82a
  SnapKit: fe8a619752f3f27075cc9a90244d75c6c3f27e2a

PODFILE CHECKSUM: a9de2bed07007fc4d8e4a3378abca3da86db0cc9

COCOAPODS: 1.9.1
