// !$*UTF8*$!
{
	archiveVersion = 1;
	classes = {
	};
	objectVersion = 46;
	objects = {

/* Begin PBXBuildFile section */
		6B102C020FE2D14629527410 /* Pods_MyAllSwiftDemos.framework in Frameworks */ = {isa = PBXBuildFile; fileRef = 60EF7749F486C25E83879E20 /* Pods_MyAllSwiftDemos.framework */; };
		9A1F498D1E793E670099C2BB /* TimeTool.swift in Sources */ = {isa = PBXBuildFile; fileRef = 9A1F498C1E793E670099C2BB /* TimeTool.swift */; };
		9A370DC11E81220900827D1B /* SliderCircleView.swift in Sources */ = {isa = PBXBuildFile; fileRef = 9A370DC01E81220900827D1B /* SliderCircleView.swift */; };
		9A370DC31E8129AC00827D1B /* SliderItem.swift in Sources */ = {isa = PBXBuildFile; fileRef = 9A370DC21E8129AC00827D1B /* SliderItem.swift */; };
		9A58F9CC1E778ED200500AB6 /* NoMarginScrollController.swift in Sources */ = {isa = PBXBuildFile; fileRef = 9A58F9CB1E778ED200500AB6 /* NoMarginScrollController.swift */; };
		9A58F9CE1E77907700500AB6 /* NoMarginRollingView.swift in Sources */ = {isa = PBXBuildFile; fileRef = 9A58F9CD1E77907700500AB6 /* NoMarginRollingView.swift */; };
		9A58F9D31E77DC7B00500AB6 /* DemoVideoController.swift in Sources */ = {isa = PBXBuildFile; fileRef = 9A58F9D21E77DC7B00500AB6 /* DemoVideoController.swift */; };
		9A58F9D51E77DC9B00500AB6 /* WKFVideoPlayerView.swift in Sources */ = {isa = PBXBuildFile; fileRef = 9A58F9D41E77DC9B00500AB6 /* WKFVideoPlayerView.swift */; };
		9A58F9D71E77DCF200500AB6 /* VideoTopMenu.swift in Sources */ = {isa = PBXBuildFile; fileRef = 9A58F9D61E77DCF200500AB6 /* VideoTopMenu.swift */; };
		9A58F9D91E77DD0400500AB6 /* VideoBottomMenu.swift in Sources */ = {isa = PBXBuildFile; fileRef = 9A58F9D81E77DD0400500AB6 /* VideoBottomMenu.swift */; };
		9A58F9DB1E77E7D500500AB6 /* WKFPlayer.swift in Sources */ = {isa = PBXBuildFile; fileRef = 9A58F9DA1E77E7D500500AB6 /* WKFPlayer.swift */; };
		9A78EFE11E764443008C93E9 /* Main.storyboard in Resources */ = {isa = PBXBuildFile; fileRef = 9A78EFDF1E764443008C93E9 /* Main.storyboard */; };
		9A78EFE41E764443008C93E9 /* MyAllSwiftDemos.xcdatamodeld in Sources */ = {isa = PBXBuildFile; fileRef = 9A78EFE21E764443008C93E9 /* MyAllSwiftDemos.xcdatamodeld */; };
		9A78EFE61E764443008C93E9 /* Assets.xcassets in Resources */ = {isa = PBXBuildFile; fileRef = 9A78EFE51E764443008C93E9 /* Assets.xcassets */; };
		9A78EFE91E764443008C93E9 /* LaunchScreen.storyboard in Resources */ = {isa = PBXBuildFile; fileRef = 9A78EFE71E764443008C93E9 /* LaunchScreen.storyboard */; };
		9A78EFF41E764443008C93E9 /* MyAllSwiftDemosTests.swift in Sources */ = {isa = PBXBuildFile; fileRef = 9A78EFF31E764443008C93E9 /* MyAllSwiftDemosTests.swift */; };
		9A78EFFF1E764443008C93E9 /* MyAllSwiftDemosUITests.swift in Sources */ = {isa = PBXBuildFile; fileRef = 9A78EFFE1E764443008C93E9 /* MyAllSwiftDemosUITests.swift */; };
		9A78F0141E764834008C93E9 /* AppDelegate.swift in Sources */ = {isa = PBXBuildFile; fileRef = 9A78F0121E764834008C93E9 /* AppDelegate.swift */; };
		9A78F0151E764834008C93E9 /* ViewController.swift in Sources */ = {isa = PBXBuildFile; fileRef = 9A78F0131E764834008C93E9 /* ViewController.swift */; };
		9A78F0181E76488F008C93E9 /* ApiConstant.swift in Sources */ = {isa = PBXBuildFile; fileRef = 9A78F0161E76488F008C93E9 /* ApiConstant.swift */; };
		9A78F0191E76488F008C93E9 /* Constants.swift in Sources */ = {isa = PBXBuildFile; fileRef = 9A78F0171E76488F008C93E9 /* Constants.swift */; };
		9A78F01C1E7648A7008C93E9 /* NSString+extension.swift in Sources */ = {isa = PBXBuildFile; fileRef = 9A78F01A1E7648A7008C93E9 /* NSString+extension.swift */; };
		9A78F01D1E7648A7008C93E9 /* UIColor+extension.swift in Sources */ = {isa = PBXBuildFile; fileRef = 9A78F01B1E7648A7008C93E9 /* UIColor+extension.swift */; };
		9A78F0201E76491F008C93E9 /* MarqueeController.swift in Sources */ = {isa = PBXBuildFile; fileRef = 9A78F01F1E76491F008C93E9 /* MarqueeController.swift */; };
		9A78F0221E764BD1008C93E9 /* HomeModel.swift in Sources */ = {isa = PBXBuildFile; fileRef = 9A78F0211E764BD1008C93E9 /* HomeModel.swift */; };
		9A78F0241E766CEB008C93E9 /* HomeCell.swift in Sources */ = {isa = PBXBuildFile; fileRef = 9A78F0231E766CEB008C93E9 /* HomeCell.swift */; };
		9A78F0261E767658008C93E9 /* MarqueeView.swift in Sources */ = {isa = PBXBuildFile; fileRef = 9A78F0251E767658008C93E9 /* MarqueeView.swift */; };
		9A78F0291E7690C2008C93E9 /* CurveView.swift in Sources */ = {isa = PBXBuildFile; fileRef = 9A78F0271E7690C2008C93E9 /* CurveView.swift */; };
		9A78F02A1E7690C2008C93E9 /* TabsSelectView.swift in Sources */ = {isa = PBXBuildFile; fileRef = 9A78F0281E7690C2008C93E9 /* TabsSelectView.swift */; };
		9A78F02D1E7694AE008C93E9 /* CurveController.swift in Sources */ = {isa = PBXBuildFile; fileRef = 9A78F02C1E7694AE008C93E9 /* CurveController.swift */; };
		9A78F02F1E7695C6008C93E9 /* HomeHeader.swift in Sources */ = {isa = PBXBuildFile; fileRef = 9A78F02E1E7695C6008C93E9 /* HomeHeader.swift */; };
		9A78F0331E76A4B7008C93E9 /* TabsSelectController.swift in Sources */ = {isa = PBXBuildFile; fileRef = 9A78F0321E76A4B7008C93E9 /* TabsSelectController.swift */; };
		9A78F0351E76A4CF008C93E9 /* TestOneController.swift in Sources */ = {isa = PBXBuildFile; fileRef = 9A78F0341E76A4CF008C93E9 /* TestOneController.swift */; };
		9A78F0371E76A4DE008C93E9 /* TestTwoController.swift in Sources */ = {isa = PBXBuildFile; fileRef = 9A78F0361E76A4DE008C93E9 /* TestTwoController.swift */; };
		9A78F0391E76A4ED008C93E9 /* TestThreeController.swift in Sources */ = {isa = PBXBuildFile; fileRef = 9A78F0381E76A4ED008C93E9 /* TestThreeController.swift */; };
		9A83BFBF1E7FE6DE00A38036 /* DialView.swift in Sources */ = {isa = PBXBuildFile; fileRef = 9A83BFBE1E7FE6DE00A38036 /* DialView.swift */; };
		9A83BFC11E7FE72900A38036 /* SectorView.swift in Sources */ = {isa = PBXBuildFile; fileRef = 9A83BFC01E7FE72900A38036 /* SectorView.swift */; };
		9ABDE3C21E7BF46A001A1963 /* WaveController.swift in Sources */ = {isa = PBXBuildFile; fileRef = 9ABDE3C11E7BF46A001A1963 /* WaveController.swift */; };
		9ABDE3C41E7BF58C001A1963 /* WaveView.swift in Sources */ = {isa = PBXBuildFile; fileRef = 9ABDE3C31E7BF58C001A1963 /* WaveView.swift */; };
		9AD4F2AF1E7FAE7500458777 /* DialController.swift in Sources */ = {isa = PBXBuildFile; fileRef = 9AD4F2AE1E7FAE7500458777 /* DialController.swift */; };
/* End PBXBuildFile section */

/* Begin PBXContainerItemProxy section */
		9A78EFF01E764443008C93E9 /* PBXContainerItemProxy */ = {
			isa = PBXContainerItemProxy;
			containerPortal = 9A78EFD01E764443008C93E9 /* Project object */;
			proxyType = 1;
			remoteGlobalIDString = 9A78EFD71E764443008C93E9;
			remoteInfo = MyAllSwiftDemos;
		};
		9A78EFFB1E764443008C93E9 /* PBXContainerItemProxy */ = {
			isa = PBXContainerItemProxy;
			containerPortal = 9A78EFD01E764443008C93E9 /* Project object */;
			proxyType = 1;
			remoteGlobalIDString = 9A78EFD71E764443008C93E9;
			remoteInfo = MyAllSwiftDemos;
		};
/* End PBXContainerItemProxy section */

/* Begin PBXFileReference section */
		54EC8A27046AA2B288ACEE5A /* Pods-MyAllSwiftDemos.debug.xcconfig */ = {isa = PBXFileReference; includeInIndex = 1; lastKnownFileType = text.xcconfig; name = "Pods-MyAllSwiftDemos.debug.xcconfig"; path = "Pods/Target Support Files/Pods-MyAllSwiftDemos/Pods-MyAllSwiftDemos.debug.xcconfig"; sourceTree = "<group>"; };
		60EF7749F486C25E83879E20 /* Pods_MyAllSwiftDemos.framework */ = {isa = PBXFileReference; explicitFileType = wrapper.framework; includeInIndex = 0; path = Pods_MyAllSwiftDemos.framework; sourceTree = BUILT_PRODUCTS_DIR; };
		9A1F498C1E793E670099C2BB /* TimeTool.swift */ = {isa = PBXFileReference; fileEncoding = 4; lastKnownFileType = sourcecode.swift; path = TimeTool.swift; sourceTree = "<group>"; };
		9A370DC01E81220900827D1B /* SliderCircleView.swift */ = {isa = PBXFileReference; fileEncoding = 4; lastKnownFileType = sourcecode.swift; path = SliderCircleView.swift; sourceTree = "<group>"; };
		9A370DC21E8129AC00827D1B /* SliderItem.swift */ = {isa = PBXFileReference; fileEncoding = 4; lastKnownFileType = sourcecode.swift; path = SliderItem.swift; sourceTree = "<group>"; };
		9A58F9CB1E778ED200500AB6 /* NoMarginScrollController.swift */ = {isa = PBXFileReference; fileEncoding = 4; lastKnownFileType = sourcecode.swift; path = NoMarginScrollController.swift; sourceTree = "<group>"; };
		9A58F9CD1E77907700500AB6 /* NoMarginRollingView.swift */ = {isa = PBXFileReference; fileEncoding = 4; lastKnownFileType = sourcecode.swift; path = NoMarginRollingView.swift; sourceTree = "<group>"; };
		9A58F9D21E77DC7B00500AB6 /* DemoVideoController.swift */ = {isa = PBXFileReference; fileEncoding = 4; lastKnownFileType = sourcecode.swift; path = DemoVideoController.swift; sourceTree = "<group>"; };
		9A58F9D41E77DC9B00500AB6 /* WKFVideoPlayerView.swift */ = {isa = PBXFileReference; fileEncoding = 4; lastKnownFileType = sourcecode.swift; path = WKFVideoPlayerView.swift; sourceTree = "<group>"; };
		9A58F9D61E77DCF200500AB6 /* VideoTopMenu.swift */ = {isa = PBXFileReference; fileEncoding = 4; lastKnownFileType = sourcecode.swift; path = VideoTopMenu.swift; sourceTree = "<group>"; };
		9A58F9D81E77DD0400500AB6 /* VideoBottomMenu.swift */ = {isa = PBXFileReference; fileEncoding = 4; lastKnownFileType = sourcecode.swift; path = VideoBottomMenu.swift; sourceTree = "<group>"; };
		9A58F9DA1E77E7D500500AB6 /* WKFPlayer.swift */ = {isa = PBXFileReference; fileEncoding = 4; lastKnownFileType = sourcecode.swift; path = WKFPlayer.swift; sourceTree = "<group>"; };
		9A78EFD81E764443008C93E9 /* MyAllSwiftDemos.app */ = {isa = PBXFileReference; explicitFileType = wrapper.application; includeInIndex = 0; path = MyAllSwiftDemos.app; sourceTree = BUILT_PRODUCTS_DIR; };
		9A78EFE01E764443008C93E9 /* Base */ = {isa = PBXFileReference; lastKnownFileType = file.storyboard; name = Base; path = Base.lproj/Main.storyboard; sourceTree = "<group>"; };
		9A78EFE31E764443008C93E9 /* MyAllSwiftDemos.xcdatamodel */ = {isa = PBXFileReference; lastKnownFileType = wrapper.xcdatamodel; path = MyAllSwiftDemos.xcdatamodel; sourceTree = "<group>"; };
		9A78EFE51E764443008C93E9 /* Assets.xcassets */ = {isa = PBXFileReference; lastKnownFileType = folder.assetcatalog; path = Assets.xcassets; sourceTree = "<group>"; };
		9A78EFE81E764443008C93E9 /* Base */ = {isa = PBXFileReference; lastKnownFileType = file.storyboard; name = Base; path = Base.lproj/LaunchScreen.storyboard; sourceTree = "<group>"; };
		9A78EFEA1E764443008C93E9 /* Info.plist */ = {isa = PBXFileReference; lastKnownFileType = text.plist.xml; path = Info.plist; sourceTree = "<group>"; };
		9A78EFEF1E764443008C93E9 /* MyAllSwiftDemosTests.xctest */ = {isa = PBXFileReference; explicitFileType = wrapper.cfbundle; includeInIndex = 0; path = MyAllSwiftDemosTests.xctest; sourceTree = BUILT_PRODUCTS_DIR; };
		9A78EFF31E764443008C93E9 /* MyAllSwiftDemosTests.swift */ = {isa = PBXFileReference; lastKnownFileType = sourcecode.swift; path = MyAllSwiftDemosTests.swift; sourceTree = "<group>"; };
		9A78EFF51E764443008C93E9 /* Info.plist */ = {isa = PBXFileReference; lastKnownFileType = text.plist.xml; path = Info.plist; sourceTree = "<group>"; };
		9A78EFFA1E764443008C93E9 /* MyAllSwiftDemosUITests.xctest */ = {isa = PBXFileReference; explicitFileType = wrapper.cfbundle; includeInIndex = 0; path = MyAllSwiftDemosUITests.xctest; sourceTree = BUILT_PRODUCTS_DIR; };
		9A78EFFE1E764443008C93E9 /* MyAllSwiftDemosUITests.swift */ = {isa = PBXFileReference; lastKnownFileType = sourcecode.swift; path = MyAllSwiftDemosUITests.swift; sourceTree = "<group>"; };
		9A78F0001E764443008C93E9 /* Info.plist */ = {isa = PBXFileReference; lastKnownFileType = text.plist.xml; path = Info.plist; sourceTree = "<group>"; };
		9A78F0111E764833008C93E9 /* MyAllSwiftDemos-Bridging-Header.h */ = {isa = PBXFileReference; lastKnownFileType = sourcecode.c.h; path = "MyAllSwiftDemos-Bridging-Header.h"; sourceTree = "<group>"; };
		9A78F0121E764834008C93E9 /* AppDelegate.swift */ = {isa = PBXFileReference; fileEncoding = 4; lastKnownFileType = sourcecode.swift; path = AppDelegate.swift; sourceTree = "<group>"; };
		9A78F0131E764834008C93E9 /* ViewController.swift */ = {isa = PBXFileReference; fileEncoding = 4; lastKnownFileType = sourcecode.swift; path = ViewController.swift; sourceTree = "<group>"; };
		9A78F0161E76488F008C93E9 /* ApiConstant.swift */ = {isa = PBXFileReference; fileEncoding = 4; lastKnownFileType = sourcecode.swift; path = ApiConstant.swift; sourceTree = "<group>"; };
		9A78F0171E76488F008C93E9 /* Constants.swift */ = {isa = PBXFileReference; fileEncoding = 4; lastKnownFileType = sourcecode.swift; path = Constants.swift; sourceTree = "<group>"; };
		9A78F01A1E7648A7008C93E9 /* NSString+extension.swift */ = {isa = PBXFileReference; fileEncoding = 4; lastKnownFileType = sourcecode.swift; path = "NSString+extension.swift"; sourceTree = "<group>"; };
		9A78F01B1E7648A7008C93E9 /* UIColor+extension.swift */ = {isa = PBXFileReference; fileEncoding = 4; lastKnownFileType = sourcecode.swift; path = "UIColor+extension.swift"; sourceTree = "<group>"; };
		9A78F01F1E76491F008C93E9 /* MarqueeController.swift */ = {isa = PBXFileReference; fileEncoding = 4; lastKnownFileType = sourcecode.swift; path = MarqueeController.swift; sourceTree = "<group>"; };
		9A78F0211E764BD1008C93E9 /* HomeModel.swift */ = {isa = PBXFileReference; fileEncoding = 4; lastKnownFileType = sourcecode.swift; path = HomeModel.swift; sourceTree = "<group>"; };
		9A78F0231E766CEB008C93E9 /* HomeCell.swift */ = {isa = PBXFileReference; fileEncoding = 4; lastKnownFileType = sourcecode.swift; path = HomeCell.swift; sourceTree = "<group>"; };
		9A78F0251E767658008C93E9 /* MarqueeView.swift */ = {isa = PBXFileReference; fileEncoding = 4; lastKnownFileType = sourcecode.swift; path = MarqueeView.swift; sourceTree = "<group>"; };
		9A78F0271E7690C2008C93E9 /* CurveView.swift */ = {isa = PBXFileReference; fileEncoding = 4; lastKnownFileType = sourcecode.swift; path = CurveView.swift; sourceTree = "<group>"; };
		9A78F0281E7690C2008C93E9 /* TabsSelectView.swift */ = {isa = PBXFileReference; fileEncoding = 4; lastKnownFileType = sourcecode.swift; path = TabsSelectView.swift; sourceTree = "<group>"; };
		9A78F02C1E7694AE008C93E9 /* CurveController.swift */ = {isa = PBXFileReference; fileEncoding = 4; lastKnownFileType = sourcecode.swift; path = CurveController.swift; sourceTree = "<group>"; };
		9A78F02E1E7695C6008C93E9 /* HomeHeader.swift */ = {isa = PBXFileReference; fileEncoding = 4; lastKnownFileType = sourcecode.swift; path = HomeHeader.swift; sourceTree = "<group>"; };
		9A78F0321E76A4B7008C93E9 /* TabsSelectController.swift */ = {isa = PBXFileReference; fileEncoding = 4; lastKnownFileType = sourcecode.swift; path = TabsSelectController.swift; sourceTree = "<group>"; };
		9A78F0341E76A4CF008C93E9 /* TestOneController.swift */ = {isa = PBXFileReference; fileEncoding = 4; lastKnownFileType = sourcecode.swift; path = TestOneController.swift; sourceTree = "<group>"; };
		9A78F0361E76A4DE008C93E9 /* TestTwoController.swift */ = {isa = PBXFileReference; fileEncoding = 4; lastKnownFileType = sourcecode.swift; path = TestTwoController.swift; sourceTree = "<group>"; };
		9A78F0381E76A4ED008C93E9 /* TestThreeController.swift */ = {isa = PBXFileReference; fileEncoding = 4; lastKnownFileType = sourcecode.swift; path = TestThreeController.swift; sourceTree = "<group>"; };
		9A83BFBE1E7FE6DE00A38036 /* DialView.swift */ = {isa = PBXFileReference; fileEncoding = 4; lastKnownFileType = sourcecode.swift; path = DialView.swift; sourceTree = "<group>"; };
		9A83BFC01E7FE72900A38036 /* SectorView.swift */ = {isa = PBXFileReference; fileEncoding = 4; lastKnownFileType = sourcecode.swift; path = SectorView.swift; sourceTree = "<group>"; };
		9ABDE3C11E7BF46A001A1963 /* WaveController.swift */ = {isa = PBXFileReference; fileEncoding = 4; lastKnownFileType = sourcecode.swift; path = WaveController.swift; sourceTree = "<group>"; };
		9ABDE3C31E7BF58C001A1963 /* WaveView.swift */ = {isa = PBXFileReference; fileEncoding = 4; lastKnownFileType = sourcecode.swift; path = WaveView.swift; sourceTree = "<group>"; };
		9AD4F2AE1E7FAE7500458777 /* DialController.swift */ = {isa = PBXFileReference; fileEncoding = 4; lastKnownFileType = sourcecode.swift; path = DialController.swift; sourceTree = "<group>"; };
		E6B82101F727A1B7E21D919B /* Pods-MyAllSwiftDemos.release.xcconfig */ = {isa = PBXFileReference; includeInIndex = 1; lastKnownFileType = text.xcconfig; name = "Pods-MyAllSwiftDemos.release.xcconfig"; path = "Pods/Target Support Files/Pods-MyAllSwiftDemos/Pods-MyAllSwiftDemos.release.xcconfig"; sourceTree = "<group>"; };
/* End PBXFileReference section */

/* Begin PBXFrameworksBuildPhase section */
		9A78EFD51E764443008C93E9 /* Frameworks */ = {
			isa = PBXFrameworksBuildPhase;
			buildActionMask = 2147483647;
			files = (
				6B102C020FE2D14629527410 /* Pods_MyAllSwiftDemos.framework in Frameworks */,
			);
			runOnlyForDeploymentPostprocessing = 0;
		};
		9A78EFEC1E764443008C93E9 /* Frameworks */ = {
			isa = PBXFrameworksBuildPhase;
			buildActionMask = 2147483647;
			files = (
			);
			runOnlyForDeploymentPostprocessing = 0;
		};
		9A78EFF71E764443008C93E9 /* Frameworks */ = {
			isa = PBXFrameworksBuildPhase;
			buildActionMask = 2147483647;
			files = (
			);
			runOnlyForDeploymentPostprocessing = 0;
		};
/* End PBXFrameworksBuildPhase section */

/* Begin PBXGroup section */
		432AB164FB6A2A6DFBD684EA /* Frameworks */ = {
			isa = PBXGroup;
			children = (
				60EF7749F486C25E83879E20 /* Pods_MyAllSwiftDemos.framework */,
			);
			name = Frameworks;
			sourceTree = "<group>";
		};
		9596E4D45F60F5E9F1A935D4 /* Pods */ = {
			isa = PBXGroup;
			children = (
				54EC8A27046AA2B288ACEE5A /* Pods-MyAllSwiftDemos.debug.xcconfig */,
				E6B82101F727A1B7E21D919B /* Pods-MyAllSwiftDemos.release.xcconfig */,
			);
			name = Pods;
			sourceTree = "<group>";
		};
		9A58F9CA1E778B2800500AB6 /* NoMarginScrollController */ = {
			isa = PBXGroup;
			children = (
				9A58F9CB1E778ED200500AB6 /* NoMarginScrollController.swift */,
			);
			path = NoMarginScrollController;
			sourceTree = "<group>";
		};
		9A58F9D11E77DC5F00500AB6 /* DemoVideoController */ = {
			isa = PBXGroup;
			children = (
				9A58F9D21E77DC7B00500AB6 /* DemoVideoController.swift */,
				9A58F9D41E77DC9B00500AB6 /* WKFVideoPlayerView.swift */,
				9A58F9D61E77DCF200500AB6 /* VideoTopMenu.swift */,
				9A58F9D81E77DD0400500AB6 /* VideoBottomMenu.swift */,
				9A58F9DA1E77E7D500500AB6 /* WKFPlayer.swift */,
			);
			path = DemoVideoController;
			sourceTree = "<group>";
		};
		9A78EFCF1E764443008C93E9 = {
			isa = PBXGroup;
			children = (
				9A78EFDA1E764443008C93E9 /* MyAllSwiftDemos */,
				9A78EFF21E764443008C93E9 /* MyAllSwiftDemosTests */,
				9A78EFFD1E764443008C93E9 /* MyAllSwiftDemosUITests */,
				9A78EFD91E764443008C93E9 /* Products */,
				9596E4D45F60F5E9F1A935D4 /* Pods */,
				432AB164FB6A2A6DFBD684EA /* Frameworks */,
			);
			sourceTree = "<group>";
		};
		9A78EFD91E764443008C93E9 /* Products */ = {
			isa = PBXGroup;
			children = (
				9A78EFD81E764443008C93E9 /* MyAllSwiftDemos.app */,
				9A78EFEF1E764443008C93E9 /* MyAllSwiftDemosTests.xctest */,
				9A78EFFA1E764443008C93E9 /* MyAllSwiftDemosUITests.xctest */,
			);
			name = Products;
			sourceTree = "<group>";
		};
		9A78EFDA1E764443008C93E9 /* MyAllSwiftDemos */ = {
			isa = PBXGroup;
			children = (
				9A78F0101E7647F7008C93E9 /* AppEntrance */,
				9A78F00D1E7645B1008C93E9 /* Common */,
				9A78F00C1E76458F008C93E9 /* Classes */,
				9A78EFDF1E764443008C93E9 /* Main.storyboard */,
				9A78EFE51E764443008C93E9 /* Assets.xcassets */,
				9A78EFE71E764443008C93E9 /* LaunchScreen.storyboard */,
				9A78EFEA1E764443008C93E9 /* Info.plist */,
				9A78EFE21E764443008C93E9 /* MyAllSwiftDemos.xcdatamodeld */,
			);
			path = MyAllSwiftDemos;
			sourceTree = "<group>";
		};
		9A78EFF21E764443008C93E9 /* MyAllSwiftDemosTests */ = {
			isa = PBXGroup;
			children = (
				9A78EFF31E764443008C93E9 /* MyAllSwiftDemosTests.swift */,
				9A78EFF51E764443008C93E9 /* Info.plist */,
			);
			path = MyAllSwiftDemosTests;
			sourceTree = "<group>";
		};
		9A78EFFD1E764443008C93E9 /* MyAllSwiftDemosUITests */ = {
			isa = PBXGroup;
			children = (
				9A78EFFE1E764443008C93E9 /* MyAllSwiftDemosUITests.swift */,
				9A78F0001E764443008C93E9 /* Info.plist */,
			);
			path = MyAllSwiftDemosUITests;
			sourceTree = "<group>";
		};
		9A78F00C1E76458F008C93E9 /* Classes */ = {
			isa = PBXGroup;
			children = (
				9AD4F2AD1E7FAE5800458777 /* DialController */,
				9ABDE3C01E7BF443001A1963 /* WaveController */,
				9A58F9D11E77DC5F00500AB6 /* DemoVideoController */,
				9A58F9CA1E778B2800500AB6 /* NoMarginScrollController */,
				9A78F0311E76A477008C93E9 /* TabsSelectController */,
				9A78F02B1E769489008C93E9 /* CurveController */,
				9A78F01E1E7648D9008C93E9 /* MarqueeController */,
			);
			path = Classes;
			sourceTree = "<group>";
		};
		9A78F00D1E7645B1008C93E9 /* Common */ = {
			isa = PBXGroup;
			children = (
				9A78F0161E76488F008C93E9 /* ApiConstant.swift */,
				9A78F0171E76488F008C93E9 /* Constants.swift */,
				9A78F00F1E7645D7008C93E9 /* Tools */,
				9A78F00E1E7645C4008C93E9 /* ReusableView */,
			);
			path = Common;
			sourceTree = "<group>";
		};
		9A78F00E1E7645C4008C93E9 /* ReusableView */ = {
			isa = PBXGroup;
			children = (
				9A78F0271E7690C2008C93E9 /* CurveView.swift */,
				9A78F0281E7690C2008C93E9 /* TabsSelectView.swift */,
				9A78F0251E767658008C93E9 /* MarqueeView.swift */,
				9A58F9CD1E77907700500AB6 /* NoMarginRollingView.swift */,
			);
			path = ReusableView;
			sourceTree = "<group>";
		};
		9A78F00F1E7645D7008C93E9 /* Tools */ = {
			isa = PBXGroup;
			children = (
				9A78F01A1E7648A7008C93E9 /* NSString+extension.swift */,
				9A78F01B1E7648A7008C93E9 /* UIColor+extension.swift */,
				9A1F498C1E793E670099C2BB /* TimeTool.swift */,
			);
			path = Tools;
			sourceTree = "<group>";
		};
		9A78F0101E7647F7008C93E9 /* AppEntrance */ = {
			isa = PBXGroup;
			children = (
				9A78F0121E764834008C93E9 /* AppDelegate.swift */,
				9A78F0131E764834008C93E9 /* ViewController.swift */,
				9A78F0111E764833008C93E9 /* MyAllSwiftDemos-Bridging-Header.h */,
				9A78F0211E764BD1008C93E9 /* HomeModel.swift */,
				9A78F0231E766CEB008C93E9 /* HomeCell.swift */,
				9A78F02E1E7695C6008C93E9 /* HomeHeader.swift */,
			);
			path = AppEntrance;
			sourceTree = "<group>";
		};
		9A78F01E1E7648D9008C93E9 /* MarqueeController */ = {
			isa = PBXGroup;
			children = (
				9A78F01F1E76491F008C93E9 /* MarqueeController.swift */,
			);
			path = MarqueeController;
			sourceTree = "<group>";
		};
		9A78F02B1E769489008C93E9 /* CurveController */ = {
			isa = PBXGroup;
			children = (
				9A78F02C1E7694AE008C93E9 /* CurveController.swift */,
			);
			path = CurveController;
			sourceTree = "<group>";
		};
		9A78F0311E76A477008C93E9 /* TabsSelectController */ = {
			isa = PBXGroup;
			children = (
				9A78F0321E76A4B7008C93E9 /* TabsSelectController.swift */,
				9A78F0341E76A4CF008C93E9 /* TestOneController.swift */,
				9A78F0361E76A4DE008C93E9 /* TestTwoController.swift */,
				9A78F0381E76A4ED008C93E9 /* TestThreeController.swift */,
			);
			path = TabsSelectController;
			sourceTree = "<group>";
		};
		9ABDE3C01E7BF443001A1963 /* WaveController */ = {
			isa = PBXGroup;
			children = (
				9ABDE3C11E7BF46A001A1963 /* WaveController.swift */,
				9ABDE3C31E7BF58C001A1963 /* WaveView.swift */,
			);
			path = WaveController;
			sourceTree = "<group>";
		};
		9AD4F2AD1E7FAE5800458777 /* DialController */ = {
			isa = PBXGroup;
			children = (
				9A83BFBE1E7FE6DE00A38036 /* DialView.swift */,
				9AD4F2AE1E7FAE7500458777 /* DialController.swift */,
				9A83BFC01E7FE72900A38036 /* SectorView.swift */,
				9A370DC01E81220900827D1B /* SliderCircleView.swift */,
				9A370DC21E8129AC00827D1B /* SliderItem.swift */,
			);
			path = DialController;
			sourceTree = "<group>";
		};
/* End PBXGroup section */

/* Begin PBXNativeTarget section */
		9A78EFD71E764443008C93E9 /* MyAllSwiftDemos */ = {
			isa = PBXNativeTarget;
			buildConfigurationList = 9A78F0031E764443008C93E9 /* Build configuration list for PBXNativeTarget "MyAllSwiftDemos" */;
			buildPhases = (
				C9BD2AA2A8709CB78113F125 /* [CP] Check Pods Manifest.lock */,
				9A78EFD41E764443008C93E9 /* Sources */,
				9A78EFD51E764443008C93E9 /* Frameworks */,
				9A78EFD61E764443008C93E9 /* Resources */,
				5CA23B6F7163571808C7B091 /* [CP] Embed Pods Frameworks */,
				EDE5E61B79A54115B5434B4B /* [CP] Copy Pods Resources */,
			);
			buildRules = (
			);
			dependencies = (
			);
			name = MyAllSwiftDemos;
			productName = MyAllSwiftDemos;
			productReference = 9A78EFD81E764443008C93E9 /* MyAllSwiftDemos.app */;
			productType = "com.apple.product-type.application";
		};
		9A78EFEE1E764443008C93E9 /* MyAllSwiftDemosTests */ = {
			isa = PBXNativeTarget;
			buildConfigurationList = 9A78F0061E764443008C93E9 /* Build configuration list for PBXNativeTarget "MyAllSwiftDemosTests" */;
			buildPhases = (
				9A78EFEB1E764443008C93E9 /* Sources */,
				9A78EFEC1E764443008C93E9 /* Frameworks */,
				9A78EFED1E764443008C93E9 /* Resources */,
			);
			buildRules = (
			);
			dependencies = (
				9A78EFF11E764443008C93E9 /* PBXTargetDependency */,
			);
			name = MyAllSwiftDemosTests;
			productName = MyAllSwiftDemosTests;
			productReference = 9A78EFEF1E764443008C93E9 /* MyAllSwiftDemosTests.xctest */;
			productType = "com.apple.product-type.bundle.unit-test";
		};
		9A78EFF91E764443008C93E9 /* MyAllSwiftDemosUITests */ = {
			isa = PBXNativeTarget;
			buildConfigurationList = 9A78F0091E764443008C93E9 /* Build configuration list for PBXNativeTarget "MyAllSwiftDemosUITests" */;
			buildPhases = (
				9A78EFF61E764443008C93E9 /* Sources */,
				9A78EFF71E764443008C93E9 /* Frameworks */,
				9A78EFF81E764443008C93E9 /* Resources */,
			);
			buildRules = (
			);
			dependencies = (
				9A78EFFC1E764443008C93E9 /* PBXTargetDependency */,
			);
			name = MyAllSwiftDemosUITests;
			productName = MyAllSwiftDemosUITests;
			productReference = 9A78EFFA1E764443008C93E9 /* MyAllSwiftDemosUITests.xctest */;
			productType = "com.apple.product-type.bundle.ui-testing";
		};
/* End PBXNativeTarget section */

/* Begin PBXProject section */
		9A78EFD01E764443008C93E9 /* Project object */ = {
			isa = PBXProject;
			attributes = {
				LastSwiftUpdateCheck = 0820;
				LastUpgradeCheck = 0820;
				ORGANIZATIONNAME = fantasy;
				TargetAttributes = {
					9A78EFD71E764443008C93E9 = {
						CreatedOnToolsVersion = 8.2.1;
						DevelopmentTeam = ZZ9329T9X9;
						LastSwiftMigration = 0820;
						ProvisioningStyle = Automatic;
					};
					9A78EFEE1E764443008C93E9 = {
						CreatedOnToolsVersion = 8.2.1;
						DevelopmentTeam = ZZ9329T9X9;
						ProvisioningStyle = Automatic;
						TestTargetID = 9A78EFD71E764443008C93E9;
					};
					9A78EFF91E764443008C93E9 = {
						CreatedOnToolsVersion = 8.2.1;
						DevelopmentTeam = ZZ9329T9X9;
						ProvisioningStyle = Automatic;
						TestTargetID = 9A78EFD71E764443008C93E9;
					};
				};
			};
			buildConfigurationList = 9A78EFD31E764443008C93E9 /* Build configuration list for PBXProject "MyAllSwiftDemos" */;
			compatibilityVersion = "Xcode 3.2";
			developmentRegion = English;
			hasScannedForEncodings = 0;
			knownRegions = (
				en,
				Base,
			);
			mainGroup = 9A78EFCF1E764443008C93E9;
			productRefGroup = 9A78EFD91E764443008C93E9 /* Products */;
			projectDirPath = "";
			projectRoot = "";
			targets = (
				9A78EFD71E764443008C93E9 /* MyAllSwiftDemos */,
				9A78EFEE1E764443008C93E9 /* MyAllSwiftDemosTests */,
				9A78EFF91E764443008C93E9 /* MyAllSwiftDemosUITests */,
			);
		};
/* End PBXProject section */

/* Begin PBXResourcesBuildPhase section */
		9A78EFD61E764443008C93E9 /* Resources */ = {
			isa = PBXResourcesBuildPhase;
			buildActionMask = 2147483647;
			files = (
				9A78EFE91E764443008C93E9 /* LaunchScreen.storyboard in Resources */,
				9A78EFE61E764443008C93E9 /* Assets.xcassets in Resources */,
				9A78EFE11E764443008C93E9 /* Main.storyboard in Resources */,
			);
			runOnlyForDeploymentPostprocessing = 0;
		};
		9A78EFED1E764443008C93E9 /* Resources */ = {
			isa = PBXResourcesBuildPhase;
			buildActionMask = 2147483647;
			files = (
			);
			runOnlyForDeploymentPostprocessing = 0;
		};
		9A78EFF81E764443008C93E9 /* Resources */ = {
			isa = PBXResourcesBuildPhase;
			buildActionMask = 2147483647;
			files = (
			);
			runOnlyForDeploymentPostprocessing = 0;
		};
/* End PBXResourcesBuildPhase section */

/* Begin PBXShellScriptBuildPhase section */
		5CA23B6F7163571808C7B091 /* [CP] Embed Pods Frameworks */ = {
			isa = PBXShellScriptBuildPhase;
			buildActionMask = 2147483647;
			files = (
			);
			inputPaths = (
			);
			name = "[CP] Embed Pods Frameworks";
			outputPaths = (
			);
			runOnlyForDeploymentPostprocessing = 0;
			shellPath = /bin/sh;
			shellScript = "\"${SRCROOT}/Pods/Target Support Files/Pods-MyAllSwiftDemos/Pods-MyAllSwiftDemos-frameworks.sh\"\n";
			showEnvVarsInLog = 0;
		};
		C9BD2AA2A8709CB78113F125 /* [CP] Check Pods Manifest.lock */ = {
			isa = PBXShellScriptBuildPhase;
			buildActionMask = 2147483647;
			files = (
			);
			inputPaths = (
			);
			name = "[CP] Check Pods Manifest.lock";
			outputPaths = (
			);
			runOnlyForDeploymentPostprocessing = 0;
			shellPath = /bin/sh;
			shellScript = "diff \"${PODS_ROOT}/../Podfile.lock\" \"${PODS_ROOT}/Manifest.lock\" > /dev/null\nif [ $? != 0 ] ; then\n    # print error to STDERR\n    echo \"error: The sandbox is not in sync with the Podfile.lock. Run 'pod install' or update your CocoaPods installation.\" >&2\n    exit 1\nfi\n";
			showEnvVarsInLog = 0;
		};
		EDE5E61B79A54115B5434B4B /* [CP] Copy Pods Resources */ = {
			isa = PBXShellScriptBuildPhase;
			buildActionMask = 2147483647;
			files = (
			);
			inputPaths = (
			);
			name = "[CP] Copy Pods Resources";
			outputPaths = (
			);
			runOnlyForDeploymentPostprocessing = 0;
			shellPath = /bin/sh;
			shellScript = "\"${SRCROOT}/Pods/Target Support Files/Pods-MyAllSwiftDemos/Pods-MyAllSwiftDemos-resources.sh\"\n";
			showEnvVarsInLog = 0;
		};
/* End PBXShellScriptBuildPhase section */

/* Begin PBXSourcesBuildPhase section */
		9A78EFD41E764443008C93E9 /* Sources */ = {
			isa = PBXSourcesBuildPhase;
			buildActionMask = 2147483647;
			files = (
				9A58F9D51E77DC9B00500AB6 /* WKFVideoPlayerView.swift in Sources */,
				9A58F9DB1E77E7D500500AB6 /* WKFPlayer.swift in Sources */,
				9A78F0191E76488F008C93E9 /* Constants.swift in Sources */,
				9A78F02D1E7694AE008C93E9 /* CurveController.swift in Sources */,
				9A58F9D31E77DC7B00500AB6 /* DemoVideoController.swift in Sources */,
				9A78F0181E76488F008C93E9 /* ApiConstant.swift in Sources */,
				9A78F0331E76A4B7008C93E9 /* TabsSelectController.swift in Sources */,
				9A78F0221E764BD1008C93E9 /* HomeModel.swift in Sources */,
				9A78F0151E764834008C93E9 /* ViewController.swift in Sources */,
				9A78F0371E76A4DE008C93E9 /* TestTwoController.swift in Sources */,
				9ABDE3C21E7BF46A001A1963 /* WaveController.swift in Sources */,
				9A78F0241E766CEB008C93E9 /* HomeCell.swift in Sources */,
				9A78F01D1E7648A7008C93E9 /* UIColor+extension.swift in Sources */,
				9A78F0391E76A4ED008C93E9 /* TestThreeController.swift in Sources */,
				9A58F9D71E77DCF200500AB6 /* VideoTopMenu.swift in Sources */,
				9ABDE3C41E7BF58C001A1963 /* WaveView.swift in Sources */,
				9A58F9D91E77DD0400500AB6 /* VideoBottomMenu.swift in Sources */,
				9A78F02A1E7690C2008C93E9 /* TabsSelectView.swift in Sources */,
				9A78F0291E7690C2008C93E9 /* CurveView.swift in Sources */,
				9A370DC31E8129AC00827D1B /* SliderItem.swift in Sources */,
				9A78F0351E76A4CF008C93E9 /* TestOneController.swift in Sources */,
				9A370DC11E81220900827D1B /* SliderCircleView.swift in Sources */,
				9A78F01C1E7648A7008C93E9 /* NSString+extension.swift in Sources */,
				9A78F0261E767658008C93E9 /* MarqueeView.swift in Sources */,
				9A83BFC11E7FE72900A38036 /* SectorView.swift in Sources */,
				9A58F9CC1E778ED200500AB6 /* NoMarginScrollController.swift in Sources */,
				9A78F0141E764834008C93E9 /* AppDelegate.swift in Sources */,
				9A58F9CE1E77907700500AB6 /* NoMarginRollingView.swift in Sources */,
				9A78F0201E76491F008C93E9 /* MarqueeController.swift in Sources */,
				9A78EFE41E764443008C93E9 /* MyAllSwiftDemos.xcdatamodeld in Sources */,
				9AD4F2AF1E7FAE7500458777 /* DialController.swift in Sources */,
				9A1F498D1E793E670099C2BB /* TimeTool.swift in Sources */,
				9A83BFBF1E7FE6DE00A38036 /* DialView.swift in Sources */,
				9A78F02F1E7695C6008C93E9 /* HomeHeader.swift in Sources */,
			);
			runOnlyForDeploymentPostprocessing = 0;
		};
		9A78EFEB1E764443008C93E9 /* Sources */ = {
			isa = PBXSourcesBuildPhase;
			buildActionMask = 2147483647;
			files = (
				9A78EFF41E764443008C93E9 /* MyAllSwiftDemosTests.swift in Sources */,
			);
			runOnlyForDeploymentPostprocessing = 0;
		};
		9A78EFF61E764443008C93E9 /* Sources */ = {
			isa = PBXSourcesBuildPhase;
			buildActionMask = 2147483647;
			files = (
				9A78EFFF1E764443008C93E9 /* MyAllSwiftDemosUITests.swift in Sources */,
			);
			runOnlyForDeploymentPostprocessing = 0;
		};
/* End PBXSourcesBuildPhase section */

/* Begin PBXTargetDependency section */
		9A78EFF11E764443008C93E9 /* PBXTargetDependency */ = {
			isa = PBXTargetDependency;
			target = 9A78EFD71E764443008C93E9 /* MyAllSwiftDemos */;
			targetProxy = 9A78EFF01E764443008C93E9 /* PBXContainerItemProxy */;
		};
		9A78EFFC1E764443008C93E9 /* PBXTargetDependency */ = {
			isa = PBXTargetDependency;
			target = 9A78EFD71E764443008C93E9 /* MyAllSwiftDemos */;
			targetProxy = 9A78EFFB1E764443008C93E9 /* PBXContainerItemProxy */;
		};
/* End PBXTargetDependency section */

/* Begin PBXVariantGroup section */
		9A78EFDF1E764443008C93E9 /* Main.storyboard */ = {
			isa = PBXVariantGroup;
			children = (
				9A78EFE01E764443008C93E9 /* Base */,
			);
			name = Main.storyboard;
			sourceTree = "<group>";
		};
		9A78EFE71E764443008C93E9 /* LaunchScreen.storyboard */ = {
			isa = PBXVariantGroup;
			children = (
				9A78EFE81E764443008C93E9 /* Base */,
			);
			name = LaunchScreen.storyboard;
			sourceTree = "<group>";
		};
/* End PBXVariantGroup section */

/* Begin XCBuildConfiguration section */
		9A78F0011E764443008C93E9 /* Debug */ = {
			isa = XCBuildConfiguration;
			buildSettings = {
				ALWAYS_SEARCH_USER_PATHS = NO;
				CLANG_ANALYZER_NONNULL = YES;
				CLANG_CXX_LANGUAGE_STANDARD = "gnu++0x";
				CLANG_CXX_LIBRARY = "libc++";
				CLANG_ENABLE_MODULES = YES;
				CLANG_ENABLE_OBJC_ARC = YES;
				CLANG_WARN_BOOL_CONVERSION = YES;
				CLANG_WARN_CONSTANT_CONVERSION = YES;
				CLANG_WARN_DIRECT_OBJC_ISA_USAGE = YES_ERROR;
				CLANG_WARN_DOCUMENTATION_COMMENTS = YES;
				CLANG_WARN_EMPTY_BODY = YES;
				CLANG_WARN_ENUM_CONVERSION = YES;
				CLANG_WARN_INFINITE_RECURSION = YES;
				CLANG_WARN_INT_CONVERSION = YES;
				CLANG_WARN_OBJC_ROOT_CLASS = YES_ERROR;
				CLANG_WARN_SUSPICIOUS_MOVE = YES;
				CLANG_WARN_UNREACHABLE_CODE = YES;
				CLANG_WARN__DUPLICATE_METHOD_MATCH = YES;
				"CODE_SIGN_IDENTITY[sdk=iphoneos*]" = "iPhone Developer";
				COPY_PHASE_STRIP = NO;
				DEBUG_INFORMATION_FORMAT = dwarf;
				ENABLE_STRICT_OBJC_MSGSEND = YES;
				ENABLE_TESTABILITY = YES;
				GCC_C_LANGUAGE_STANDARD = gnu99;
				GCC_DYNAMIC_NO_PIC = NO;
				GCC_NO_COMMON_BLOCKS = YES;
				GCC_OPTIMIZATION_LEVEL = 0;
				GCC_PREPROCESSOR_DEFINITIONS = (
					"DEBUG=1",
					"$(inherited)",
				);
				GCC_WARN_64_TO_32_BIT_CONVERSION = YES;
				GCC_WARN_ABOUT_RETURN_TYPE = YES_ERROR;
				GCC_WARN_UNDECLARED_SELECTOR = YES;
				GCC_WARN_UNINITIALIZED_AUTOS = YES_AGGRESSIVE;
				GCC_WARN_UNUSED_FUNCTION = YES;
				GCC_WARN_UNUSED_VARIABLE = YES;
				IPHONEOS_DEPLOYMENT_TARGET = 10.2;
				MTL_ENABLE_DEBUG_INFO = YES;
				ONLY_ACTIVE_ARCH = YES;
				SDKROOT = iphoneos;
				SWIFT_ACTIVE_COMPILATION_CONDITIONS = DEBUG;
				SWIFT_OPTIMIZATION_LEVEL = "-Onone";
			};
			name = Debug;
		};
		9A78F0021E764443008C93E9 /* Release */ = {
			isa = XCBuildConfiguration;
			buildSettings = {
				ALWAYS_SEARCH_USER_PATHS = NO;
				CLANG_ANALYZER_NONNULL = YES;
				CLANG_CXX_LANGUAGE_STANDARD = "gnu++0x";
				CLANG_CXX_LIBRARY = "libc++";
				CLANG_ENABLE_MODULES = YES;
				CLANG_ENABLE_OBJC_ARC = YES;
				CLANG_WARN_BOOL_CONVERSION = YES;
				CLANG_WARN_CONSTANT_CONVERSION = YES;
				CLANG_WARN_DIRECT_OBJC_ISA_USAGE = YES_ERROR;
				CLANG_WARN_DOCUMENTATION_COMMENTS = YES;
				CLANG_WARN_EMPTY_BODY = YES;
				CLANG_WARN_ENUM_CONVERSION = YES;
				CLANG_WARN_INFINITE_RECURSION = YES;
				CLANG_WARN_INT_CONVERSION = YES;
				CLANG_WARN_OBJC_ROOT_CLASS = YES_ERROR;
				CLANG_WARN_SUSPICIOUS_MOVE = YES;
				CLANG_WARN_UNREACHABLE_CODE = YES;
				CLANG_WARN__DUPLICATE_METHOD_MATCH = YES;
				"CODE_SIGN_IDENTITY[sdk=iphoneos*]" = "iPhone Developer";
				COPY_PHASE_STRIP = NO;
				DEBUG_INFORMATION_FORMAT = "dwarf-with-dsym";
				ENABLE_NS_ASSERTIONS = NO;
				ENABLE_STRICT_OBJC_MSGSEND = YES;
				GCC_C_LANGUAGE_STANDARD = gnu99;
				GCC_NO_COMMON_BLOCKS = YES;
				GCC_WARN_64_TO_32_BIT_CONVERSION = YES;
				GCC_WARN_ABOUT_RETURN_TYPE = YES_ERROR;
				GCC_WARN_UNDECLARED_SELECTOR = YES;
				GCC_WARN_UNINITIALIZED_AUTOS = YES_AGGRESSIVE;
				GCC_WARN_UNUSED_FUNCTION = YES;
				GCC_WARN_UNUSED_VARIABLE = YES;
				IPHONEOS_DEPLOYMENT_TARGET = 10.2;
				MTL_ENABLE_DEBUG_INFO = NO;
				SDKROOT = iphoneos;
				SWIFT_OPTIMIZATION_LEVEL = "-Owholemodule";
				VALIDATE_PRODUCT = YES;
			};
			name = Release;
		};
		9A78F0041E764443008C93E9 /* Debug */ = {
			isa = XCBuildConfiguration;
			baseConfigurationReference = 54EC8A27046AA2B288ACEE5A /* Pods-MyAllSwiftDemos.debug.xcconfig */;
			buildSettings = {
				ASSETCATALOG_COMPILER_APPICON_NAME = AppIcon;
				CLANG_ENABLE_MODULES = YES;
				DEVELOPMENT_TEAM = ZZ9329T9X9;
				INFOPLIST_FILE = MyAllSwiftDemos/Info.plist;
				IPHONEOS_DEPLOYMENT_TARGET = 10.0;
				LD_RUNPATH_SEARCH_PATHS = "$(inherited) @executable_path/Frameworks";
				PRODUCT_BUNDLE_IDENTIFIER = "--fantasy--.MyAllSwiftDemos";
				PRODUCT_NAME = "$(TARGET_NAME)";
				SWIFT_OBJC_BRIDGING_HEADER = "MyAllSwiftDemos/AppEntrance/MyAllSwiftDemos-Bridging-Header.h";
				SWIFT_OPTIMIZATION_LEVEL = "-Onone";
				SWIFT_VERSION = 3.0;
			};
			name = Debug;
		};
		9A78F0051E764443008C93E9 /* Release */ = {
			isa = XCBuildConfiguration;
			baseConfigurationReference = E6B82101F727A1B7E21D919B /* Pods-MyAllSwiftDemos.release.xcconfig */;
			buildSettings = {
				ASSETCATALOG_COMPILER_APPICON_NAME = AppIcon;
				CLANG_ENABLE_MODULES = YES;
				DEVELOPMENT_TEAM = ZZ9329T9X9;
				INFOPLIST_FILE = MyAllSwiftDemos/Info.plist;
				IPHONEOS_DEPLOYMENT_TARGET = 10.0;
				LD_RUNPATH_SEARCH_PATHS = "$(inherited) @executable_path/Frameworks";
				PRODUCT_BUNDLE_IDENTIFIER = "--fantasy--.MyAllSwiftDemos";
				PRODUCT_NAME = "$(TARGET_NAME)";
				SWIFT_OBJC_BRIDGING_HEADER = "MyAllSwiftDemos/AppEntrance/MyAllSwiftDemos-Bridging-Header.h";
				SWIFT_VERSION = 3.0;
			};
			name = Release;
		};
		9A78F0071E764443008C93E9 /* Debug */ = {
			isa = XCBuildConfiguration;
			buildSettings = {
				ALWAYS_EMBED_SWIFT_STANDARD_LIBRARIES = YES;
				BUNDLE_LOADER = "$(TEST_HOST)";
				DEVELOPMENT_TEAM = ZZ9329T9X9;
				INFOPLIST_FILE = MyAllSwiftDemosTests/Info.plist;
				LD_RUNPATH_SEARCH_PATHS = "$(inherited) @executable_path/Frameworks @loader_path/Frameworks";
				PRODUCT_BUNDLE_IDENTIFIER = "--fantasy--.MyAllSwiftDemosTests";
				PRODUCT_NAME = "$(TARGET_NAME)";
				SWIFT_VERSION = 3.0;
				TEST_HOST = "$(BUILT_PRODUCTS_DIR)/MyAllSwiftDemos.app/MyAllSwiftDemos";
			};
			name = Debug;
		};
		9A78F0081E764443008C93E9 /* Release */ = {
			isa = XCBuildConfiguration;
			buildSettings = {
				ALWAYS_EMBED_SWIFT_STANDARD_LIBRARIES = YES;
				BUNDLE_LOADER = "$(TEST_HOST)";
				DEVELOPMENT_TEAM = ZZ9329T9X9;
				INFOPLIST_FILE = MyAllSwiftDemosTests/Info.plist;
				LD_RUNPATH_SEARCH_PATHS = "$(inherited) @executable_path/Frameworks @loader_path/Frameworks";
				PRODUCT_BUNDLE_IDENTIFIER = "--fantasy--.MyAllSwiftDemosTests";
				PRODUCT_NAME = "$(TARGET_NAME)";
				SWIFT_VERSION = 3.0;
				TEST_HOST = "$(BUILT_PRODUCTS_DIR)/MyAllSwiftDemos.app/MyAllSwiftDemos";
			};
			name = Release;
		};
		9A78F00A1E764443008C93E9 /* Debug */ = {
			isa = XCBuildConfiguration;
			buildSettings = {
				ALWAYS_EMBED_SWIFT_STANDARD_LIBRARIES = YES;
				DEVELOPMENT_TEAM = ZZ9329T9X9;
				INFOPLIST_FILE = MyAllSwiftDemosUITests/Info.plist;
				LD_RUNPATH_SEARCH_PATHS = "$(inherited) @executable_path/Frameworks @loader_path/Frameworks";
				PRODUCT_BUNDLE_IDENTIFIER = "--fantasy--.MyAllSwiftDemosUITests";
				PRODUCT_NAME = "$(TARGET_NAME)";
				SWIFT_VERSION = 3.0;
				TEST_TARGET_NAME = MyAllSwiftDemos;
			};
			name = Debug;
		};
		9A78F00B1E764443008C93E9 /* Release */ = {
			isa = XCBuildConfiguration;
			buildSettings = {
				ALWAYS_EMBED_SWIFT_STANDARD_LIBRARIES = YES;
				DEVELOPMENT_TEAM = ZZ9329T9X9;
				INFOPLIST_FILE = MyAllSwiftDemosUITests/Info.plist;
				LD_RUNPATH_SEARCH_PATHS = "$(inherited) @executable_path/Frameworks @loader_path/Frameworks";
				PRODUCT_BUNDLE_IDENTIFIER = "--fantasy--.MyAllSwiftDemosUITests";
				PRODUCT_NAME = "$(TARGET_NAME)";
				SWIFT_VERSION = 3.0;
				TEST_TARGET_NAME = MyAllSwiftDemos;
			};
			name = Release;
		};
/* End XCBuildConfiguration section */

/* Begin XCConfigurationList section */
		9A78EFD31E764443008C93E9 /* Build configuration list for PBXProject "MyAllSwiftDemos" */ = {
			isa = XCConfigurationList;
			buildConfigurations = (
				9A78F0011E764443008C93E9 /* Debug */,
				9A78F0021E764443008C93E9 /* Release */,
			);
			defaultConfigurationIsVisible = 0;
			defaultConfigurationName = Release;
		};
		9A78F0031E764443008C93E9 /* Build configuration list for PBXNativeTarget "MyAllSwiftDemos" */ = {
			isa = XCConfigurationList;
			buildConfigurations = (
				9A78F0041E764443008C93E9 /* Debug */,
				9A78F0051E764443008C93E9 /* Release */,
			);
			defaultConfigurationIsVisible = 0;
			defaultConfigurationName = Release;
		};
		9A78F0061E764443008C93E9 /* Build configuration list for PBXNativeTarget "MyAllSwiftDemosTests" */ = {
			isa = XCConfigurationList;
			buildConfigurations = (
				9A78F0071E764443008C93E9 /* Debug */,
				9A78F0081E764443008C93E9 /* Release */,
			);
			defaultConfigurationIsVisible = 0;
			defaultConfigurationName = Release;
		};
		9A78F0091E764443008C93E9 /* Build configuration list for PBXNativeTarget "MyAllSwiftDemosUITests" */ = {
			isa = XCConfigurationList;
			buildConfigurations = (
				9A78F00A1E764443008C93E9 /* Debug */,
				9A78F00B1E764443008C93E9 /* Release */,
			);
			defaultConfigurationIsVisible = 0;
			defaultConfigurationName = Release;
		};
/* End XCConfigurationList section */

/* Begin XCVersionGroup section */
		9A78EFE21E764443008C93E9 /* MyAllSwiftDemos.xcdatamodeld */ = {
			isa = XCVersionGroup;
			children = (
				9A78EFE31E764443008C93E9 /* MyAllSwiftDemos.xcdatamodel */,
			);
			currentVersion = 9A78EFE31E764443008C93E9 /* MyAllSwiftDemos.xcdatamodel */;
			path = MyAllSwiftDemos.xcdatamodeld;
			sourceTree = "<group>";
			versionGroupType = wrapper.xcdatamodel;
		};
/* End XCVersionGroup section */
	};
	rootObject = 9A78EFD01E764443008C93E9 /* Project object */;
}
